{
  "name": "@athombv/denon-heos",
  "version": "2.1.0",
  "lockfileVersion": 3,
  "requires": true,
  "packages": {
    "": {
      "name": "@athombv/denon-heos",
      "version": "2.1.0",
      "license": "ISC",
      "dependencies": {
        "node-ssdp-lite": "^0.2.0"
      }
    },
    "node_modules/node-ssdp-lite": {
      "version": "0.2.0",
      "resolved": "https://registry.npmjs.org/node-ssdp-lite/-/node-ssdp-lite-0.2.0.tgz",
      "integrity": "sha1-dFG6bxZWQqzW/zyhsRCU9zSzTrk=",
      "engines": {
        "node": ">=0.10.0"
      }
    }
  }
}
